// !$*UTF8*$!
{
	archiveVersion = 1;
	classes = {
	};
	objectVersion = 50;
	objects = {

/* Begin PBXBuildFile section */
		AD0FC67923D253BE00E88BED /* AppDelegate.swift in Sources */ = {isa = PBXBuildFile; fileRef = AD0FC67823D253BE00E88BED /* AppDelegate.swift */; };
		AD0FC67B23D253BE00E88BED /* SceneDelegate.swift in Sources */ = {isa = PBXBuildFile; fileRef = AD0FC67A23D253BE00E88BED /* SceneDelegate.swift */; };
		AD0FC67D23D253BE00E88BED /* mainViewController.swift in Sources */ = {isa = PBXBuildFile; fileRef = AD0FC67C23D253BE00E88BED /* mainViewController.swift */; };
		AD0FC68023D253BE00E88BED /* Main.storyboard in Resources */ = {isa = PBXBuildFile; fileRef = AD0FC67E23D253BE00E88BED /* Main.storyboard */; };
		AD0FC68223D253C300E88BED /* Assets.xcassets in Resources */ = {isa = PBXBuildFile; fileRef = AD0FC68123D253C300E88BED /* Assets.xcassets */; };
		AD0FC68523D253C300E88BED /* LaunchScreen.storyboard in Resources */ = {isa = PBXBuildFile; fileRef = AD0FC68323D253C300E88BED /* LaunchScreen.storyboard */; };
		AD0FC69023D253C300E88BED /* emojiTests.swift in Sources */ = {isa = PBXBuildFile; fileRef = AD0FC68F23D253C300E88BED /* emojiTests.swift */; };
		AD0FC69B23D253C300E88BED /* emojiUITests.swift in Sources */ = {isa = PBXBuildFile; fileRef = AD0FC69A23D253C300E88BED /* emojiUITests.swift */; };
		AD0FC6A923D2870900E88BED /* CountdownProgressBar.swift in Sources */ = {isa = PBXBuildFile; fileRef = AD0FC6A823D2870900E88BED /* CountdownProgressBar.swift */; };
/* End PBXBuildFile section */

/* Begin PBXContainerItemProxy section */
		AD0FC68C23D253C300E88BED /* PBXContainerItemProxy */ = {
			isa = PBXContainerItemProxy;
			containerPortal = AD0FC66D23D253BE00E88BED /* Project object */;
			proxyType = 1;
			remoteGlobalIDString = AD0FC67423D253BE00E88BED;
			remoteInfo = emoji;
		};
		AD0FC69723D253C300E88BED /* PBXContainerItemProxy */ = {
			isa = PBXContainerItemProxy;
			containerPortal = AD0FC66D23D253BE00E88BED /* Project object */;
			proxyType = 1;
			remoteGlobalIDString = AD0FC67423D253BE00E88BED;
			remoteInfo = emoji;
		};
/* End PBXContainerItemProxy section */

/* Begin PBXFileReference section */
		AD0FC67523D253BE00E88BED /* emoji.app */ = {isa = PBXFileReference; explicitFileType = wrapper.application; includeInIndex = 0; path = emoji.app; sourceTree = BUILT_PRODUCTS_DIR; };
		AD0FC67823D253BE00E88BED /* AppDelegate.swift */ = {isa = PBXFileReference; lastKnownFileType = sourcecode.swift; path = AppDelegate.swift; sourceTree = "<group>"; };
		AD0FC67A23D253BE00E88BED /* SceneDelegate.swift */ = {isa = PBXFileReference; lastKnownFileType = sourcecode.swift; path = SceneDelegate.swift; sourceTree = "<group>"; };
		AD0FC67C23D253BE00E88BED /* mainViewController.swift */ = {isa = PBXFileReference; lastKnownFileType = sourcecode.swift; path = mainViewController.swift; sourceTree = "<group>"; };
		AD0FC67F23D253BE00E88BED /* Base */ = {isa = PBXFileReference; lastKnownFileType = file.storyboard; name = Base; path = Base.lproj/Main.storyboard; sourceTree = "<group>"; };
		AD0FC68123D253C300E88BED /* Assets.xcassets */ = {isa = PBXFileReference; lastKnownFileType = folder.assetcatalog; path = Assets.xcassets; sourceTree = "<group>"; };
		AD0FC68423D253C300E88BED /* Base */ = {isa = PBXFileReference; lastKnownFileType = file.storyboard; name = Base; path = Base.lproj/LaunchScreen.storyboard; sourceTree = "<group>"; };
		AD0FC68623D253C300E88BED /* Info.plist */ = {isa = PBXFileReference; lastKnownFileType = text.plist.xml; path = Info.plist; sourceTree = "<group>"; };
		AD0FC68B23D253C300E88BED /* emojiTests.xctest */ = {isa = PBXFileReference; explicitFileType = wrapper.cfbundle; includeInIndex = 0; path = emojiTests.xctest; sourceTree = BUILT_PRODUCTS_DIR; };
		AD0FC68F23D253C300E88BED /* emojiTests.swift */ = {isa = PBXFileReference; lastKnownFileType = sourcecode.swift; path = emojiTests.swift; sourceTree = "<group>"; };
		AD0FC69123D253C300E88BED /* Info.plist */ = {isa = PBXFileReference; lastKnownFileType = text.plist.xml; path = Info.plist; sourceTree = "<group>"; };
		AD0FC69623D253C300E88BED /* emojiUITests.xctest */ = {isa = PBXFileReference; explicitFileType = wrapper.cfbundle; includeInIndex = 0; path = emojiUITests.xctest; sourceTree = BUILT_PRODUCTS_DIR; };
		AD0FC69A23D253C300E88BED /* emojiUITests.swift */ = {isa = PBXFileReference; lastKnownFileType = sourcecode.swift; path = emojiUITests.swift; sourceTree = "<group>"; };
		AD0FC69C23D253C300E88BED /* Info.plist */ = {isa = PBXFileReference; lastKnownFileType = text.plist.xml; path = Info.plist; sourceTree = "<group>"; };
		AD0FC6A823D2870900E88BED /* CountdownProgressBar.swift */ = {isa = PBXFileReference; lastKnownFileType = sourcecode.swift; path = CountdownProgressBar.swift; sourceTree = "<group>"; };
/* End PBXFileReference section */

/* Begin PBXFrameworksBuildPhase section */
		AD0FC67223D253BE00E88BED /* Frameworks */ = {
			isa = PBXFrameworksBuildPhase;
			buildActionMask = 2147483647;
			files = (
			);
			runOnlyForDeploymentPostprocessing = 0;
		};
		AD0FC68823D253C300E88BED /* Frameworks */ = {
			isa = PBXFrameworksBuildPhase;
			buildActionMask = 2147483647;
			files = (
			);
			runOnlyForDeploymentPostprocessing = 0;
		};
		AD0FC69323D253C300E88BED /* Frameworks */ = {
			isa = PBXFrameworksBuildPhase;
			buildActionMask = 2147483647;
			files = (
			);
			runOnlyForDeploymentPostprocessing = 0;
		};
/* End PBXFrameworksBuildPhase section */

/* Begin PBXGroup section */
		AD0FC66C23D253BE00E88BED = {
			isa = PBXGroup;
			children = (
				AD0FC67723D253BE00E88BED /* emoji */,
				AD0FC68E23D253C300E88BED /* emojiTests */,
				AD0FC69923D253C300E88BED /* emojiUITests */,
				AD0FC67623D253BE00E88BED /* Products */,
			);
			sourceTree = "<group>";
		};
		AD0FC67623D253BE00E88BED /* Products */ = {
			isa = PBXGroup;
			children = (
				AD0FC67523D253BE00E88BED /* emoji.app */,
				AD0FC68B23D253C300E88BED /* emojiTests.xctest */,
				AD0FC69623D253C300E88BED /* emojiUITests.xctest */,
			);
			name = Products;
			sourceTree = "<group>";
		};
		AD0FC67723D253BE00E88BED /* emoji */ = {
			isa = PBXGroup;
			children = (
				AD0FC6A823D2870900E88BED /* CountdownProgressBar.swift */,
				AD0FC67823D253BE00E88BED /* AppDelegate.swift */,
				AD0FC67A23D253BE00E88BED /* SceneDelegate.swift */,
				AD0FC67C23D253BE00E88BED /* mainViewController.swift */,
				AD0FC67E23D253BE00E88BED /* Main.storyboard */,
				AD0FC68123D253C300E88BED /* Assets.xcassets */,
				AD0FC68323D253C300E88BED /* LaunchScreen.storyboard */,
				AD0FC68623D253C300E88BED /* Info.plist */,
			);
			path = emoji;
			sourceTree = "<group>";
		};
		AD0FC68E23D253C300E88BED /* emojiTests */ = {
			isa = PBXGroup;
			children = (
				AD0FC68F23D253C300E88BED /* emojiTests.swift */,
				AD0FC69123D253C300E88BED /* Info.plist */,
			);
			path = emojiTests;
			sourceTree = "<group>";
		};
		AD0FC69923D253C300E88BED /* emojiUITests */ = {
			isa = PBXGroup;
			children = (
				AD0FC69A23D253C300E88BED /* emojiUITests.swift */,
				AD0FC69C23D253C300E88BED /* Info.plist */,
			);
			path = emojiUITests;
			sourceTree = "<group>";
		};
/* End PBXGroup section */

/* Begin PBXNativeTarget section */
		AD0FC67423D253BE00E88BED /* emoji */ = {
			isa = PBXNativeTarget;
			buildConfigurationList = AD0FC69F23D253C300E88BED /* Build configuration list for PBXNativeTarget "emoji" */;
			buildPhases = (
				AD0FC67123D253BE00E88BED /* Sources */,
				AD0FC67223D253BE00E88BED /* Frameworks */,
				AD0FC67323D253BE00E88BED /* Resources */,
			);
			buildRules = (
			);
			dependencies = (
			);
			name = emoji;
			productName = emoji;
			productReference = AD0FC67523D253BE00E88BED /* emoji.app */;
			productType = "com.apple.product-type.application";
		};
		AD0FC68A23D253C300E88BED /* emojiTests */ = {
			isa = PBXNativeTarget;
			buildConfigurationList = AD0FC6A223D253C300E88BED /* Build configuration list for PBXNativeTarget "emojiTests" */;
			buildPhases = (
				AD0FC68723D253C300E88BED /* Sources */,
				AD0FC68823D253C300E88BED /* Frameworks */,
				AD0FC68923D253C300E88BED /* Resources */,
			);
			buildRules = (
			);
			dependencies = (
				AD0FC68D23D253C300E88BED /* PBXTargetDependency */,
			);
			name = emojiTests;
			productName = emojiTests;
			productReference = AD0FC68B23D253C300E88BED /* emojiTests.xctest */;
			productType = "com.apple.product-type.bundle.unit-test";
		};
		AD0FC69523D253C300E88BED /* emojiUITests */ = {
			isa = PBXNativeTarget;
			buildConfigurationList = AD0FC6A523D253C300E88BED /* Build configuration list for PBXNativeTarget "emojiUITests" */;
			buildPhases = (
				AD0FC69223D253C300E88BED /* Sources */,
				AD0FC69323D253C300E88BED /* Frameworks */,
				AD0FC69423D253C300E88BED /* Resources */,
			);
			buildRules = (
			);
			dependencies = (
				AD0FC69823D253C300E88BED /* PBXTargetDependency */,
			);
			name = emojiUITests;
			productName = emojiUITests;
			productReference = AD0FC69623D253C300E88BED /* emojiUITests.xctest */;
			productType = "com.apple.product-type.bundle.ui-testing";
		};
/* End PBXNativeTarget section */

/* Begin PBXProject section */
		AD0FC66D23D253BE00E88BED /* Project object */ = {
			isa = PBXProject;
			attributes = {
				LastSwiftUpdateCheck = 1130;
				LastUpgradeCheck = 1130;
				ORGANIZATIONNAME = "Ameer Hussain";
				TargetAttributes = {
					AD0FC67423D253BE00E88BED = {
						CreatedOnToolsVersion = 11.3;
					};
					AD0FC68A23D253C300E88BED = {
						CreatedOnToolsVersion = 11.3;
						TestTargetID = AD0FC67423D253BE00E88BED;
					};
					AD0FC69523D253C300E88BED = {
						CreatedOnToolsVersion = 11.3;
						TestTargetID = AD0FC67423D253BE00E88BED;
					};
				};
			};
			buildConfigurationList = AD0FC67023D253BE00E88BED /* Build configuration list for PBXProject "emoji" */;
			compatibilityVersion = "Xcode 9.3";
			developmentRegion = en;
			hasScannedForEncodings = 0;
			knownRegions = (
				en,
				Base,
			);
			mainGroup = AD0FC66C23D253BE00E88BED;
			productRefGroup = AD0FC67623D253BE00E88BED /* Products */;
			projectDirPath = "";
			projectRoot = "";
			targets = (
				AD0FC67423D253BE00E88BED /* emoji */,
				AD0FC68A23D253C300E88BED /* emojiTests */,
				AD0FC69523D253C300E88BED /* emojiUITests */,
			);
		};
/* End PBXProject section */

/* Begin PBXResourcesBuildPhase section */
		AD0FC67323D253BE00E88BED /* Resources */ = {
			isa = PBXResourcesBuildPhase;
			buildActionMask = 2147483647;
			files = (
				AD0FC68523D253C300E88BED /* LaunchScreen.storyboard in Resources */,
				AD0FC68223D253C300E88BED /* Assets.xcassets in Resources */,
				AD0FC68023D253BE00E88BED /* Main.storyboard in Resources */,
			);
			runOnlyForDeploymentPostprocessing = 0;
		};
		AD0FC68923D253C300E88BED /* Resources */ = {
			isa = PBXResourcesBuildPhase;
			buildActionMask = 2147483647;
			files = (
			);
			runOnlyForDeploymentPostprocessing = 0;
		};
		AD0FC69423D253C300E88BED /* Resources */ = {
			isa = PBXResourcesBuildPhase;
			buildActionMask = 2147483647;
			files = (
			);
			runOnlyForDeploymentPostprocessing = 0;
		};
/* End PBXResourcesBuildPhase section */

/* Begin PBXSourcesBuildPhase section */
		AD0FC67123D253BE00E88BED /* Sources */ = {
			isa = PBXSourcesBuildPhase;
			buildActionMask = 2147483647;
			files = (
				AD0FC6A923D2870900E88BED /* CountdownProgressBar.swift in Sources */,
				AD0FC67D23D253BE00E88BED /* mainViewController.swift in Sources */,
				AD0FC67923D253BE00E88BED /* AppDelegate.swift in Sources */,
				AD0FC67B23D253BE00E88BED /* SceneDelegate.swift in Sources */,
			);
			runOnlyForDeploymentPostprocessing = 0;
		};
		AD0FC68723D253C300E88BED /* Sources */ = {
			isa = PBXSourcesBuildPhase;
			buildActionMask = 2147483647;
			files = (
				AD0FC69023D253C300E88BED /* emojiTests.swift in Sources */,
			);
			runOnlyForDeploymentPostprocessing = 0;
		};
		AD0FC69223D253C300E88BED /* Sources */ = {
			isa = PBXSourcesBuildPhase;
			buildActionMask = 2147483647;
			files = (
				AD0FC69B23D253C300E88BED /* emojiUITests.swift in Sources */,
			);
			runOnlyForDeploymentPostprocessing = 0;
		};
/* End PBXSourcesBuildPhase section */

/* Begin PBXTargetDependency section */
		AD0FC68D23D253C300E88BED /* PBXTargetDependency */ = {
			isa = PBXTargetDependency;
			target = AD0FC67423D253BE00E88BED /* emoji */;
			targetProxy = AD0FC68C23D253C300E88BED /* PBXContainerItemProxy */;
		};
		AD0FC69823D253C300E88BED /* PBXTargetDependency */ = {
			isa = PBXTargetDependency;
			target = AD0FC67423D253BE00E88BED /* emoji */;
			targetProxy = AD0FC69723D253C300E88BED /* PBXContainerItemProxy */;
		};
/* End PBXTargetDependency section */

/* Begin PBXVariantGroup section */
		AD0FC67E23D253BE00E88BED /* Main.storyboard */ = {
			isa = PBXVariantGroup;
			children = (
				AD0FC67F23D253BE00E88BED /* Base */,
			);
			name = Main.storyboard;
			sourceTree = "<group>";
		};
		AD0FC68323D253C300E88BED /* LaunchScreen.storyboard */ = {
			isa = PBXVariantGroup;
			children = (
				AD0FC68423D253C300E88BED /* Base */,
			);
			name = LaunchScreen.storyboard;
			sourceTree = "<group>";
		};
/* End PBXVariantGroup section */

/* Begin XCBuildConfiguration section */
		AD0FC69D23D253C300E88BED /* Debug */ = {
			isa = XCBuildConfiguration;
			buildSettings = {
				ALWAYS_SEARCH_USER_PATHS = NO;
				CLANG_ANALYZER_NONNULL = YES;
				CLANG_ANALYZER_NUMBER_OBJECT_CONVERSION = YES_AGGRESSIVE;
				CLANG_CXX_LANGUAGE_STANDARD = "gnu++14";
				CLANG_CXX_LIBRARY = "libc++";
				CLANG_ENABLE_MODULES = YES;
				CLANG_ENABLE_OBJC_ARC = YES;
				CLANG_ENABLE_OBJC_WEAK = YES;
				CLANG_WARN_BLOCK_CAPTURE_AUTORELEASING = YES;
				CLANG_WARN_BOOL_CONVERSION = YES;
				CLANG_WARN_COMMA = YES;
				CLANG_WARN_CONSTANT_CONVERSION = YES;
				CLANG_WARN_DEPRECATED_OBJC_IMPLEMENTATIONS = YES;
				CLANG_WARN_DIRECT_OBJC_ISA_USAGE = YES_ERROR;
				CLANG_WARN_DOCUMENTATION_COMMENTS = YES;
				CLANG_WARN_EMPTY_BODY = YES;
				CLANG_WARN_ENUM_CONVERSION = YES;
				CLANG_WARN_INFINITE_RECURSION = YES;
				CLANG_WARN_INT_CONVERSION = YES;
				CLANG_WARN_NON_LITERAL_NULL_CONVERSION = YES;
				CLANG_WARN_OBJC_IMPLICIT_RETAIN_SELF = YES;
				CLANG_WARN_OBJC_LITERAL_CONVERSION = YES;
				CLANG_WARN_OBJC_ROOT_CLASS = YES_ERROR;
				CLANG_WARN_RANGE_LOOP_ANALYSIS = YES;
				CLANG_WARN_STRICT_PROTOTYPES = YES;
				CLANG_WARN_SUSPICIOUS_MOVE = YES;
				CLANG_WARN_UNGUARDED_AVAILABILITY = YES_AGGRESSIVE;
				CLANG_WARN_UNREACHABLE_CODE = YES;
				CLANG_WARN__DUPLICATE_METHOD_MATCH = YES;
				COPY_PHASE_STRIP = NO;
				DEBUG_INFORMATION_FORMAT = dwarf;
				ENABLE_STRICT_OBJC_MSGSEND = YES;
				ENABLE_TESTABILITY = YES;
				GCC_C_LANGUAGE_STANDARD = gnu11;
				GCC_DYNAMIC_NO_PIC = NO;
				GCC_NO_COMMON_BLOCKS = YES;
				GCC_OPTIMIZATION_LEVEL = 0;
				GCC_PREPROCESSOR_DEFINITIONS = (
					"DEBUG=1",
					"$(inherited)",
				);
				GCC_WARN_64_TO_32_BIT_CONVERSION = YES;
				GCC_WARN_ABOUT_RETURN_TYPE = YES_ERROR;
				GCC_WARN_UNDECLARED_SELECTOR = YES;
				GCC_WARN_UNINITIALIZED_AUTOS = YES_AGGRESSIVE;
				GCC_WARN_UNUSED_FUNCTION = YES;
				GCC_WARN_UNUSED_VARIABLE = YES;
				IPHONEOS_DEPLOYMENT_TARGET = 13.2;
				MTL_ENABLE_DEBUG_INFO = INCLUDE_SOURCE;
				MTL_FAST_MATH = YES;
				ONLY_ACTIVE_ARCH = YES;
				SDKROOT = iphoneos;
				SWIFT_ACTIVE_COMPILATION_CONDITIONS = DEBUG;
				SWIFT_OPTIMIZATION_LEVEL = "-Onone";
			};
			name = Debug;
		};
		AD0FC69E23D253C300E88BED /* Release */ = {
			isa = XCBuildConfiguration;
			buildSettings = {
				ALWAYS_SEARCH_USER_PATHS = NO;
				CLANG_ANALYZER_NONNULL = YES;
				CLANG_ANALYZER_NUMBER_OBJECT_CONVERSION = YES_AGGRESSIVE;
				CLANG_CXX_LANGUAGE_STANDARD = "gnu++14";
				CLANG_CXX_LIBRARY = "libc++";
				CLANG_ENABLE_MODULES = YES;
				CLANG_ENABLE_OBJC_ARC = YES;
				CLANG_ENABLE_OBJC_WEAK = YES;
				CLANG_WARN_BLOCK_CAPTURE_AUTORELEASING = YES;
				CLANG_WARN_BOOL_CONVERSION = YES;
				CLANG_WARN_COMMA = YES;
				CLANG_WARN_CONSTANT_CONVERSION = YES;
				CLANG_WARN_DEPRECATED_OBJC_IMPLEMENTATIONS = YES;
				CLANG_WARN_DIRECT_OBJC_ISA_USAGE = YES_ERROR;
				CLANG_WARN_DOCUMENTATION_COMMENTS = YES;
				CLANG_WARN_EMPTY_BODY = YES;
				CLANG_WARN_ENUM_CONVERSION = YES;
				CLANG_WARN_INFINITE_RECURSION = YES;
				CLANG_WARN_INT_CONVERSION = YES;
				CLANG_WARN_NON_LITERAL_NULL_CONVERSION = YES;
				CLANG_WARN_OBJC_IMPLICIT_RETAIN_SELF = YES;
				CLANG_WARN_OBJC_LITERAL_CONVERSION = YES;
				CLANG_WARN_OBJC_ROOT_CLASS = YES_ERROR;
				CLANG_WARN_RANGE_LOOP_ANALYSIS = YES;
				CLANG_WARN_STRICT_PROTOTYPES = YES;
				CLANG_WARN_SUSPICIOUS_MOVE = YES;
				CLANG_WARN_UNGUARDED_AVAILABILITY = YES_AGGRESSIVE;
				CLANG_WARN_UNREACHABLE_CODE = YES;
				CLANG_WARN__DUPLICATE_METHOD_MATCH = YES;
				COPY_PHASE_STRIP = NO;
				DEBUG_INFORMATION_FORMAT = "dwarf-with-dsym";
				ENABLE_NS_ASSERTIONS = NO;
				ENABLE_STRICT_OBJC_MSGSEND = YES;
				GCC_C_LANGUAGE_STANDARD = gnu11;
				GCC_NO_COMMON_BLOCKS = YES;
				GCC_WARN_64_TO_32_BIT_CONVERSION = YES;
				GCC_WARN_ABOUT_RETURN_TYPE = YES_ERROR;
				GCC_WARN_UNDECLARED_SELECTOR = YES;
				GCC_WARN_UNINITIALIZED_AUTOS = YES_AGGRESSIVE;
				GCC_WARN_UNUSED_FUNCTION = YES;
				GCC_WARN_UNUSED_VARIABLE = YES;
				IPHONEOS_DEPLOYMENT_TARGET = 13.2;
				MTL_ENABLE_DEBUG_INFO = NO;
				MTL_FAST_MATH = YES;
				SDKROOT = iphoneos;
				SWIFT_COMPILATION_MODE = wholemodule;
				SWIFT_OPTIMIZATION_LEVEL = "-O";
				VALIDATE_PRODUCT = YES;
			};
			name = Release;
		};
		AD0FC6A023D253C300E88BED /* Debug */ = {
			isa = XCBuildConfiguration;
			buildSettings = {
				ASSETCATALOG_COMPILER_APPICON_NAME = AppIcon;
				CODE_SIGN_STYLE = Automatic;
				DEVELOPMENT_TEAM = DVC8AF8926;
				INFOPLIST_FILE = emoji/Info.plist;
				LD_RUNPATH_SEARCH_PATHS = (
					"$(inherited)",
					"@executable_path/Frameworks",
				);
				PRODUCT_BUNDLE_IDENTIFIER = com.Ameer.emojiApp;
				PRODUCT_NAME = "$(TARGET_NAME)";
				SWIFT_VERSION = 5.0;
				TARGETED_DEVICE_FAMILY = "1,2";
			};
			name = Debug;
		};
		AD0FC6A123D253C300E88BED /* Release */ = {
			isa = XCBuildConfiguration;
			buildSettings = {
				ASSETCATALOG_COMPILER_APPICON_NAME = AppIcon;
				CODE_SIGN_STYLE = Automatic;
				DEVELOPMENT_TEAM = DVC8AF8926;
				INFOPLIST_FILE = emoji/Info.plist;
				LD_RUNPATH_SEARCH_PATHS = (
					"$(inherited)",
					"@executable_path/Frameworks",
				);
				PRODUCT_BUNDLE_IDENTIFIER = com.Ameer.emojiApp;
				PRODUCT_NAME = "$(TARGET_NAME)";
				SWIFT_VERSION = 5.0;
				TARGETED_DEVICE_FAMILY = "1,2";
			};
			name = Release;
		};
		AD0FC6A323D253C300E88BED /* Debug */ = {
			isa = XCBuildConfiguration;
			buildSettings = {
				ALWAYS_EMBED_SWIFT_STANDARD_LIBRARIES = YES;
				BUNDLE_LOADER = "$(TEST_HOST)";
				CODE_SIGN_STYLE = Automatic;
				INFOPLIST_FILE = emojiTests/Info.plist;
				IPHONEOS_DEPLOYMENT_TARGET = 13.2;
				LD_RUNPATH_SEARCH_PATHS = (
					"$(inherited)",
					"@executable_path/Frameworks",
					"@loader_path/Frameworks",
				);
				PRODUCT_BUNDLE_IDENTIFIER = com.channelvision.emojiTests;
				PRODUCT_NAME = "$(TARGET_NAME)";
				SWIFT_VERSION = 5.0;
				TARGETED_DEVICE_FAMILY = "1,2";
				TEST_HOST = "$(BUILT_PRODUCTS_DIR)/emoji.app/emoji";
			};
			name = Debug;
		};
		AD0FC6A423D253C300E88BED /* Release */ = {
			isa = XCBuildConfiguration;
			buildSettings = {
				ALWAYS_EMBED_SWIFT_STANDARD_LIBRARIES = YES;
				BUNDLE_LOADER = "$(TEST_HOST)";
				CODE_SIGN_STYLE = Automatic;
				INFOPLIST_FILE = emojiTests/Info.plist;
				IPHONEOS_DEPLOYMENT_TARGET = 13.2;
				LD_RUNPATH_SEARCH_PATHS = (
					"$(inherited)",
					"@executable_path/Frameworks",
					"@loader_path/Frameworks",
				);
				PRODUCT_BUNDLE_IDENTIFIER = com.channelvision.emojiTests;
				PRODUCT_NAME = "$(TARGET_NAME)";
				SWIFT_VERSION = 5.0;
				TARGETED_DEVICE_FAMILY = "1,2";
				TEST_HOST = "$(BUILT_PRODUCTS_DIR)/emoji.app/emoji";
			};
			name = Release;
		};
		AD0FC6A623D253C300E88BED /* Debug */ = {
			isa = XCBuildConfiguration;
			buildSettings = {
				ALWAYS_EMBED_SWIFT_STANDARD_LIBRARIES = YES;
				CODE_SIGN_STYLE = Automatic;
				INFOPLIST_FILE = emojiUITests/Info.plist;
				LD_RUNPATH_SEARCH_PATHS = (
					"$(inherited)",
					"@executable_path/Frameworks",
					"@loader_path/Frameworks",
				);
				PRODUCT_BUNDLE_IDENTIFIER = com.channelvision.emojiUITests;
				PRODUCT_NAME = "$(TARGET_NAME)";
				SWIFT_VERSION = 5.0;
				TARGETED_DEVICE_FAMILY = "1,2";
				TEST_TARGET_NAME = emoji;
			};
			name = Debug;
		};
		AD0FC6A723D253C300E88BED /* Release */ = {
			isa = XCBuildConfiguration;
			buildSettings = {
				ALWAYS_EMBED_SWIFT_STANDARD_LIBRARIES = YES;
				CODE_SIGN_STYLE = Automatic;
				INFOPLIST_FILE = emojiUITests/Info.plist;
				LD_RUNPATH_SEARCH_PATHS = (
					"$(inherited)",
					"@executable_path/Frameworks",
					"@loader_path/Frameworks",
				);
				PRODUCT_BUNDLE_IDENTIFIER = com.channelvision.emojiUITests;
				PRODUCT_NAME = "$(TARGET_NAME)";
				SWIFT_VERSION = 5.0;
				TARGETED_DEVICE_FAMILY = "1,2";
				TEST_TARGET_NAME = emoji;
			};
			name = Release;
		};
/* End XCBuildConfiguration section */

/* Begin XCConfigurationList section */
		AD0FC67023D253BE00E88BED /* Build configuration list for PBXProject "emoji" */ = {
			isa = XCConfigurationList;
			buildConfigurations = (
				AD0FC69D23D253C300E88BED /* Debug */,
				AD0FC69E23D253C300E88BED /* Release */,
			);
			defaultConfigurationIsVisible = 0;
			defaultConfigurationName = Release;
		};
		AD0FC69F23D253C300E88BED /* Build configuration list for PBXNativeTarget "emoji" */ = {
			isa = XCConfigurationList;
			buildConfigurations = (
				AD0FC6A023D253C300E88BED /* Debug */,
				AD0FC6A123D253C300E88BED /* Release */,
			);
			defaultConfigurationIsVisible = 0;
			defaultConfigurationName = Release;
		};
		AD0FC6A223D253C300E88BED /* Build configuration list for PBXNativeTarget "emojiTests" */ = {
			isa = XCConfigurationList;
			buildConfigurations = (
				AD0FC6A323D253C300E88BED /* Debug */,
				AD0FC6A423D253C300E88BED /* Release */,
			);
			defaultConfigurationIsVisible = 0;
			defaultConfigurationName = Release;
		};
		AD0FC6A523D253C300E88BED /* Build configuration list for PBXNativeTarget "emojiUITests" */ = {
			isa = XCConfigurationList;
			buildConfigurations = (
				AD0FC6A623D253C300E88BED /* Debug */,
				AD0FC6A723D253C300E88BED /* Release */,
			);
			defaultConfigurationIsVisible = 0;
			defaultConfigurationName = Release;
		};
/* End XCConfigurationList section */
	};
	rootObject = AD0FC66D23D253BE00E88BED /* Project object */;
}
